
Microsoft Visual Studio Solution File, Format Version 12.00
# Visual Studio 14
VisualStudioVersion = 14.0.25420.1
MinimumVisualStudioVersion = 10.0.40219.1
Project("{8BC9CEB8-8B4A-11D0-8D11-00A0C91BC942}") = "UsageEnvironment", "UsageEnvironment\UsageEnvironment.vcxproj", "{04E07CBE-06F2-486A-9919-385E7B66F053}"
EndProject
Project("{8BC9CEB8-8B4A-11D0-8D11-00A0C91BC942}") = "BasicUsageEnvironment", "BasicUsageEnvironment\BasicUsageEnvironment.vcxproj", "{2DAA3B20-ECED-498C-9954-AE18AD661487}"
EndProject
Project("{8BC9CEB8-8B4A-11D0-8D11-00A0C91BC942}") = "liveMedia", "liveMedia\liveMedia.vcxproj", "{C859088A-DE2A-4337-A9A6-A190A02D679D}"
EndProject
Project("{8BC9CEB8-8B4A-11D0-8D11-00A0C91BC942}") = "groupsock", "groupsock\groupsock.vcxproj", "{4205BF06-1F6E-4596-B499-7E2744D3E91E}"
EndProject
Project("{8BC9CEB8-8B4A-11D0-8D11-00A0C91BC942}") = "WindowsAudioInputDevice", "WindowsAudioInputDevice\WindowsAudioInputDevice.vcxproj", "{5C05C48C-E2B0-469E-A3E7-1F5E96C2A5A1}"
EndProject
Project("{8BC9CEB8-8B4A-11D0-8D11-00A0C91BC942}") = "mediaServer", "mediaServer\mediaServer.vcxproj", "{2D2769DE-BAA9-402C-AFF6-8E3DA2BC4D12}"
	ProjectSection(ProjectDependencies) = postProject
		{4205BF06-1F6E-4596-B499-7E2744D3E91E} = {4205BF06-1F6E-4596-B499-7E2744D3E91E}
		{2DAA3B20-ECED-498C-9954-AE18AD661487} = {2DAA3B20-ECED-498C-9954-AE18AD661487}
		{C859088A-DE2A-4337-A9A6-A190A02D679D} = {C859088A-DE2A-4337-A9A6-A190A02D679D}
		{5C05C48C-E2B0-469E-A3E7-1F5E96C2A5A1} = {5C05C48C-E2B0-469E-A3E7-1F5E96C2A5A1}
		{04E07CBE-06F2-486A-9919-385E7B66F053} = {04E07CBE-06F2-486A-9919-385E7B66F053}
	EndProjectSection
EndProject
Project("{8BC9CEB8-8B4A-11D0-8D11-00A0C91BC942}") = "proxyServer", "proxyServer\proxyServer.vcxproj", "{BC7ABA95-465C-4E6D-BA8D-8420A7F2E8AF}"
	ProjectSection(ProjectDependencies) = postProject
		{4205BF06-1F6E-4596-B499-7E2744D3E91E} = {4205BF06-1F6E-4596-B499-7E2744D3E91E}
		{2DAA3B20-ECED-498C-9954-AE18AD661487} = {2DAA3B20-ECED-498C-9954-AE18AD661487}
		{C859088A-DE2A-4337-A9A6-A190A02D679D} = {C859088A-DE2A-4337-A9A6-A190A02D679D}
		{5C05C48C-E2B0-469E-A3E7-1F5E96C2A5A1} = {5C05C48C-E2B0-469E-A3E7-1F5E96C2A5A1}
		{04E07CBE-06F2-486A-9919-385E7B66F053} = {04E07CBE-06F2-486A-9919-385E7B66F053}
	EndProjectSection
EndProject
Project("{8BC9CEB8-8B4A-11D0-8D11-00A0C91BC942}") = "testProgs", "testProgs\testProgs.vcxproj", "{32CD2561-0911-4886-80AB-8F26A3FA4689}"
	ProjectSection(ProjectDependencies) = postProject
		{4205BF06-1F6E-4596-B499-7E2744D3E91E} = {4205BF06-1F6E-4596-B499-7E2744D3E91E}
		{2DAA3B20-ECED-498C-9954-AE18AD661487} = {2DAA3B20-ECED-498C-9954-AE18AD661487}
		{C859088A-DE2A-4337-A9A6-A190A02D679D} = {C859088A-DE2A-4337-A9A6-A190A02D679D}
		{5C05C48C-E2B0-469E-A3E7-1F5E96C2A5A1} = {5C05C48C-E2B0-469E-A3E7-1F5E96C2A5A1}
		{04E07CBE-06F2-486A-9919-385E7B66F053} = {04E07CBE-06F2-486A-9919-385E7B66F053}
	EndProjectSection
EndProject
Global
	GlobalSection(SolutionConfigurationPlatforms) = preSolution
		Debug|x64 = Debug|x64
		Debug|x86 = Debug|x86
		Release|x64 = Release|x64
		Release|x86 = Release|x86
	EndGlobalSection
	GlobalSection(ProjectConfigurationPlatforms) = postSolution
		{04E07CBE-06F2-486A-9919-385E7B66F053}.Debug|x64.ActiveCfg = Debug|x64
		{04E07CBE-06F2-486A-9919-385E7B66F053}.Debug|x64.Build.0 = Debug|x64
		{04E07CBE-06F2-486A-9919-385E7B66F053}.Debug|x86.ActiveCfg = Debug|Win32
		{04E07CBE-06F2-486A-9919-385E7B66F053}.Debug|x86.Build.0 = Debug|Win32
		{04E07CBE-06F2-486A-9919-385E7B66F053}.Release|x64.ActiveCfg = Release|x64
		{04E07CBE-06F2-486A-9919-385E7B66F053}.Release|x64.Build.0 = Release|x64
		{04E07CBE-06F2-486A-9919-385E7B66F053}.Release|x86.ActiveCfg = Release|Win32
		{04E07CBE-06F2-486A-9919-385E7B66F053}.Release|x86.Build.0 = Release|Win32
		{2DAA3B20-ECED-498C-9954-AE18AD661487}.Debug|x64.ActiveCfg = Debug|x64
		{2DAA3B20-ECED-498C-9954-AE18AD661487}.Debug|x64.Build.0 = Debug|x64
		{2DAA3B20-ECED-498C-9954-AE18AD661487}.Debug|x86.ActiveCfg = Debug|Win32
		{2DAA3B20-ECED-498C-9954-AE18AD661487}.Debug|x86.Build.0 = Debug|Win32
		{2DAA3B20-ECED-498C-9954-AE18AD661487}.Release|x64.ActiveCfg = Release|x64
		{2DAA3B20-ECED-498C-9954-AE18AD661487}.Release|x64.Build.0 = Release|x64
		{2DAA3B20-ECED-498C-9954-AE18AD661487}.Release|x86.ActiveCfg = Release|Win32
		{2DAA3B20-ECED-498C-9954-AE18AD661487}.Release|x86.Build.0 = Release|Win32
		{C859088A-DE2A-4337-A9A6-A190A02D679D}.Debug|x64.ActiveCfg = Debug|x64
		{C859088A-DE2A-4337-A9A6-A190A02D679D}.Debug|x64.Build.0 = Debug|x64
		{C859088A-DE2A-4337-A9A6-A190A02D679D}.Debug|x86.ActiveCfg = Debug|Win32
		{C859088A-DE2A-4337-A9A6-A190A02D679D}.Debug|x86.Build.0 = Debug|Win32
		{C859088A-DE2A-4337-A9A6-A190A02D679D}.Release|x64.ActiveCfg = Release|x64
		{C859088A-DE2A-4337-A9A6-A190A02D679D}.Release|x64.Build.0 = Release|x64
		{C859088A-DE2A-4337-A9A6-A190A02D679D}.Release|x86.ActiveCfg = Release|Win32
		{C859088A-DE2A-4337-A9A6-A190A02D679D}.Release|x86.Build.0 = Release|Win32
		{4205BF06-1F6E-4596-B499-7E2744D3E91E}.Debug|x64.ActiveCfg = Debug|x64
		{4205BF06-1F6E-4596-B499-7E2744D3E91E}.Debug|x64.Build.0 = Debug|x64
		{4205BF06-1F6E-4596-B499-7E2744D3E91E}.Debug|x86.ActiveCfg = Debug|Win32
		{4205BF06-1F6E-4596-B499-7E2744D3E91E}.Debug|x86.Build.0 = Debug|Win32
		{4205BF06-1F6E-4596-B499-7E2744D3E91E}.Release|x64.ActiveCfg = Release|x64
		{4205BF06-1F6E-4596-B499-7E2744D3E91E}.Release|x64.Build.0 = Release|x64
		{4205BF06-1F6E-4596-B499-7E2744D3E91E}.Release|x86.ActiveCfg = Release|Win32
		{4205BF06-1F6E-4596-B499-7E2744D3E91E}.Release|x86.Build.0 = Release|Win32
		{5C05C48C-E2B0-469E-A3E7-1F5E96C2A5A1}.Debug|x64.ActiveCfg = Debug|x64
		{5C05C48C-E2B0-469E-A3E7-1F5E96C2A5A1}.Debug|x64.Build.0 = Debug|x64
		{5C05C48C-E2B0-469E-A3E7-1F5E96C2A5A1}.Debug|x86.ActiveCfg = Debug|Win32
		{5C05C48C-E2B0-469E-A3E7-1F5E96C2A5A1}.Debug|x86.Build.0 = Debug|Win32
		{5C05C48C-E2B0-469E-A3E7-1F5E96C2A5A1}.Release|x64.ActiveCfg = Release|x64
		{5C05C48C-E2B0-469E-A3E7-1F5E96C2A5A1}.Release|x64.Build.0 = Release|x64
		{5C05C48C-E2B0-469E-A3E7-1F5E96C2A5A1}.Release|x86.ActiveCfg = Release|Win32
		{5C05C48C-E2B0-469E-A3E7-1F5E96C2A5A1}.Release|x86.Build.0 = Release|Win32
		{2D2769DE-BAA9-402C-AFF6-8E3DA2BC4D12}.Debug|x64.ActiveCfg = Debug|x64
		{2D2769DE-BAA9-402C-AFF6-8E3DA2BC4D12}.Debug|x64.Build.0 = Debug|x64
		{2D2769DE-BAA9-402C-AFF6-8E3DA2BC4D12}.Debug|x86.ActiveCfg = Debug|Win32
		{2D2769DE-BAA9-402C-AFF6-8E3DA2BC4D12}.Debug|x86.Build.0 = Debug|Win32
		{2D2769DE-BAA9-402C-AFF6-8E3DA2BC4D12}.Release|x64.ActiveCfg = Release|x64
		{2D2769DE-BAA9-402C-AFF6-8E3DA2BC4D12}.Release|x64.Build.0 = Release|x64
		{2D2769DE-BAA9-402C-AFF6-8E3DA2BC4D12}.Release|x86.ActiveCfg = Release|Win32
		{2D2769DE-BAA9-402C-AFF6-8E3DA2BC4D12}.Release|x86.Build.0 = Release|Win32
		{BC7ABA95-465C-4E6D-BA8D-8420A7F2E8AF}.Debug|x64.ActiveCfg = Debug|x64
		{BC7ABA95-465C-4E6D-BA8D-8420A7F2E8AF}.Debug|x64.Build.0 = Debug|x64
		{BC7ABA95-465C-4E6D-BA8D-8420A7F2E8AF}.Debug|x86.ActiveCfg = Debug|Win32
		{BC7ABA95-465C-4E6D-BA8D-8420A7F2E8AF}.Debug|x86.Build.0 = Debug|Win32
		{BC7ABA95-465C-4E6D-BA8D-8420A7F2E8AF}.Release|x64.ActiveCfg = Release|x64
		{BC7ABA95-465C-4E6D-BA8D-8420A7F2E8AF}.Release|x64.Build.0 = Release|x64
		{BC7ABA95-465C-4E6D-BA8D-8420A7F2E8AF}.Release|x86.ActiveCfg = Release|Win32
		{BC7ABA95-465C-4E6D-BA8D-8420A7F2E8AF}.Release|x86.Build.0 = Release|Win32
		{32CD2561-0911-4886-80AB-8F26A3FA4689}.Debug|x64.ActiveCfg = Debug|x64
		{32CD2561-0911-4886-80AB-8F26A3FA4689}.Debug|x64.Build.0 = Debug|x64
		{32CD2561-0911-4886-80AB-8F26A3FA4689}.Debug|x86.ActiveCfg = Debug|Win32
		{32CD2561-0911-4886-80AB-8F26A3FA4689}.Debug|x86.Build.0 = Debug|Win32
		{32CD2561-0911-4886-80AB-8F26A3FA4689}.Release|x64.ActiveCfg = Release|x64
		{32CD2561-0911-4886-80AB-8F26A3FA4689}.Release|x64.Build.0 = Release|x64
		{32CD2561-0911-4886-80AB-8F26A3FA4689}.Release|x86.ActiveCfg = Release|Win32
		{32CD2561-0911-4886-80AB-8F26A3FA4689}.Release|x86.Build.0 = Release|Win32
	EndGlobalSection
	GlobalSection(SolutionProperties) = preSolution
		HideSolutionNode = FALSE
	EndGlobalSection
EndGlobal
